{
  "name": "sasu-cli",
  "version": "0.11.0",
  "lockfileVersion": 3,
  "requires": true,
  "packages": {
    "": {
      "name": "sasu-cli",
      "version": "0.11.0",
      "bin": {
        "sasu": "dist/cli.js"
      },
      "devDependencies": {
        "@types/node": "^22.10.0",
        "typescript": "^5.6.0"
      }
    },
    "node_modules/.pnpm/@types+node@22.20.1": {
      "dev": true
    },
    "node_modules/.pnpm/@types+node@22.20.1/node_modules/@types/node": {
      "version": "22.20.1",
      "dev": true,
      "license": "MIT",
      "dependencies": {
        "undici-types": "~6.21.0"
      }
    },
    "node_modules/.pnpm/@types+node@22.20.1/node_modules/undici-types": {
      "resolved": "node_modules/.pnpm/undici-types@6.21.0/node_modules/undici-types",
      "link": true
    },
    "node_modules/.pnpm/typescript@5.9.3": {
      "dev": true,
      "peer": true
    },
    "node_modules/.pnpm/typescript@5.9.3/node_modules/typescript": {
      "version": "5.9.3",
      "dev": true,
      "license": "Apache-2.0",
      "peer": true,
      "bin": {
        "tsc": "bin/tsc",
        "tsserver": "bin/tsserver"
      },
      "engines": {
        "node": ">=14.17"
      }
    },
    "node_modules/.pnpm/undici-types@6.21.0/node_modules/undici-types": {
      "version": "6.21.0",
      "dev": true,
      "license": "MIT"
    },
    "node_modules/@types/node": {
      "resolved": "node_modules/.pnpm/@types+node@22.20.1/node_modules/@types/node",
      "link": true
    },
    "node_modules/typescript": {
      "resolved": "node_modules/.pnpm/typescript@5.9.3/node_modules/typescript",
      "link": true
    }
  }
}
